# THIS IS AN AUTOGENERATED FILE. DO NOT EDIT THIS FILE DIRECTLY.
# yarn lockfile v1


async@0.9.0:
  version "0.9.0"
  resolved "https://registry.yarnpkg.com/async/-/async-0.9.0.tgz#ac3613b1da9bed1b47510bb4651b8931e47146c7"

bson@~0.2:
  version "0.2.22"
  resolved "https://registry.yarnpkg.com/bson/-/bson-0.2.22.tgz#fcda103f26d0c074d5a52d50927db80fd02b4b39"
  dependencies:
    nan "~1.8"

coffee-script@>=1.0.1:
  version "1.12.7"
  resolved "https://registry.yarnpkg.com/coffee-script/-/coffee-script-1.12.7.tgz#c05dae0cb79591d05b3070a8433a98c9a89ccc53"

core-util-is@~1.0.0:
  version "1.0.2"
  resolved "https://registry.yarnpkg.com/core-util-is/-/core-util-is-1.0.2.tgz#b5fd54220aa2bc5ab57aab7140c940754503c1a7"

debug@0.7.4:
  version "0.7.4"
  resolved "https://registry.yarnpkg.com/debug/-/debug-0.7.4.tgz#06e1ea8082c2cb14e39806e22e2f6f757f92af39"

fileset@~0.1.5:
  version "0.1.8"
  resolved "https://registry.yarnpkg.com/fileset/-/fileset-0.1.8.tgz#506b91a9396eaa7e32fb42a84077c7a0c736b741"
  dependencies:
    glob "3.x"
    minimatch "0.x"

gaze@~0.3.2:
  version "0.3.4"
  resolved "https://registry.yarnpkg.com/gaze/-/gaze-0.3.4.tgz#5f94bdda0afe53bc710969bcd6f282548d60c279"
  dependencies:
    fileset "~0.1.5"
    minimatch "~0.2.9"

glob@3.x:
  version "3.2.11"
  resolved "https://registry.yarnpkg.com/glob/-/glob-3.2.11.tgz#4a973f635b9190f715d10987d5c00fd2815ebe3d"
  dependencies:
    inherits "2"
    minimatch "0.3"

growl@~1.7.0:
  version "1.7.0"
  resolved "https://registry.yarnpkg.com/growl/-/growl-1.7.0.tgz#de2d66136d002e112ba70f3f10c31cf7c350b2da"

hooks@0.3.2:
  version "0.3.2"
  resolved "https://registry.yarnpkg.com/hooks/-/hooks-0.3.2.tgz#a31f060c2026cea6cf1ca3eb178430e718e1c4a3"

inherits@2, inherits@~2.0.3:
  version "2.0.3"
  resolved "https://registry.yarnpkg.com/inherits/-/inherits-2.0.3.tgz#633c2c83e3da42a502f52466022480f4208261de"

isarray@~1.0.0:
  version "1.0.0"
  resolved "https://registry.yarnpkg.com/isarray/-/isarray-1.0.0.tgz#bb935d48582cba168c06834957a54a3e07124f11"

jasmine-growl-reporter@~0.0.2:
  version "0.0.3"
  resolved "https://registry.yarnpkg.com/jasmine-growl-reporter/-/jasmine-growl-reporter-0.0.3.tgz#b87ae551e359d28ad5217765eaef6c07b763f6c8"
  dependencies:
    growl "~1.7.0"

jasmine-node@^1.14.5:
  version "1.14.5"
  resolved "https://registry.yarnpkg.com/jasmine-node/-/jasmine-node-1.14.5.tgz#18e8397b856924ee77003666c3731b5aea50c39d"
  dependencies:
    coffee-script ">=1.0.1"
    gaze "~0.3.2"
    jasmine-growl-reporter "~0.0.2"
    jasmine-reporters "~1.0.0"
    mkdirp "~0.3.5"
    requirejs ">=0.27.1"
    underscore ">= 1.3.1"
    walkdir ">= 0.0.1"

jasmine-reporters@~1.0.0:
  version "1.0.2"
  resolved "https://registry.yarnpkg.com/jasmine-reporters/-/jasmine-reporters-1.0.2.tgz#ab613ed5977dc7487e85b3c12f6a8ea8db2ade31"
  dependencies:
    mkdirp "~0.3.5"

kareem@0.0.4:
  version "0.0.4"
  resolved "https://registry.yarnpkg.com/kareem/-/kareem-0.0.4.tgz#a8475defd74cf829b0071d20e6971bf15d911d2b"

kerberos@0.0.4:
  version "0.0.4"
  resolved "https://registry.yarnpkg.com/kerberos/-/kerberos-0.0.4.tgz#11836638f729a2f6c5bae056a7d7a15898c9ba7c"

lru-cache@2:
  version "2.7.3"
  resolved "https://registry.yarnpkg.com/lru-cache/-/lru-cache-2.7.3.tgz#6d4524e8b955f95d4f5b58851ce21dd72fb4e952"

minimatch@0.3:
  version "0.3.0"
  resolved "https://registry.yarnpkg.com/minimatch/-/minimatch-0.3.0.tgz#275d8edaac4f1bb3326472089e7949c8394699dd"
  dependencies:
    lru-cache "2"
    sigmund "~1.0.0"

minimatch@0.x:
  version "0.4.0"
  resolved "https://registry.yarnpkg.com/minimatch/-/minimatch-0.4.0.tgz#bd2c7d060d2c8c8fd7cde7f1f2ed2d5b270fdb1b"
  dependencies:
    lru-cache "2"
    sigmund "~1.0.0"

minimatch@~0.2.9:
  version "0.2.14"
  resolved "https://registry.yarnpkg.com/minimatch/-/minimatch-0.2.14.tgz#c74e780574f63c6f9a090e90efbe6ef53a6a756a"
  dependencies:
    lru-cache "2"
    sigmund "~1.0.0"

mkdirp@~0.3.5:
  version "0.3.5"
  resolved "https://registry.yarnpkg.com/mkdirp/-/mkdirp-0.3.5.tgz#de3e5f8961c88c787ee1368df849ac4413eca8d7"

mongodb@1.4.12:
  version "1.4.12"
  resolved "https://registry.yarnpkg.com/mongodb/-/mongodb-1.4.12.tgz#65cdd46ec127861e941168fdccf82bf17ad71c4d"
  dependencies:
    bson "~0.2"
  optionalDependencies:
    kerberos "0.0.4"
    readable-stream latest

mongoose@^3.6.13:
  version "3.9.7"
  resolved "https://registry.yarnpkg.com/mongoose/-/mongoose-3.9.7.tgz#b315e6ebe5cefcce3843504b791f038828048da6"
  dependencies:
    async "0.9.0"
    hooks "0.3.2"
    kareem "0.0.4"
    mongodb "1.4.12"
    mpath "0.1.1"
    mpromise "0.5.4"
    mquery "1.0.0"
    ms "0.1.0"
    muri "0.3.1"
    regexp-clone "0.0.1"
    sliced "0.0.5"

mpath@0.1.1:
  version "0.1.1"
  resolved "https://registry.yarnpkg.com/mpath/-/mpath-0.1.1.tgz#23da852b7c232ee097f4759d29c0ee9cd22d5e46"

mpromise@0.5.4:
  version "0.5.4"
  resolved "https://registry.yarnpkg.com/mpromise/-/mpromise-0.5.4.tgz#b610613ec6de37419f944b35f0783b4de9f5dc75"

mquery@1.0.0:
  version "1.0.0"
  resolved "https://registry.yarnpkg.com/mquery/-/mquery-1.0.0.tgz#6940a46d643368fe8e5abddeb94bd8dd32013f5b"
  dependencies:
    debug "0.7.4"
    regexp-clone "0.0.1"
    sliced "0.0.5"

ms@0.1.0:
  version "0.1.0"
  resolved "https://registry.yarnpkg.com/ms/-/ms-0.1.0.tgz#f21fac490daf1d7667fd180fe9077389cc9442b2"

muri@0.3.1:
  version "0.3.1"
  resolved "https://registry.yarnpkg.com/muri/-/muri-0.3.1.tgz#861889c5c857f1a43700bee85d50731f61727c9a"

nan@~1.8:
  version "1.8.4"
  resolved "https://registry.yarnpkg.com/nan/-/nan-1.8.4.tgz#3c76b5382eab33e44b758d2813ca9d92e9342f34"

process-nextick-args@~1.0.6:
  version "1.0.7"
  resolved "https://registry.yarnpkg.com/process-nextick-args/-/process-nextick-args-1.0.7.tgz#150e20b756590ad3f91093f25a4f2ad8bff30ba3"

readable-stream@latest:
  version "2.3.3"
  resolved "https://registry.yarnpkg.com/readable-stream/-/readable-stream-2.3.3.tgz#368f2512d79f9d46fdfc71349ae7878bbc1eb95c"
  dependencies:
    core-util-is "~1.0.0"
    inherits "~2.0.3"
    isarray "~1.0.0"
    process-nextick-args "~1.0.6"
    safe-buffer "~5.1.1"
    string_decoder "~1.0.3"
    util-deprecate "~1.0.1"

regexp-clone@0.0.1:
  version "0.0.1"
  resolved "https://registry.yarnpkg.com/regexp-clone/-/regexp-clone-0.0.1.tgz#a7c2e09891fdbf38fbb10d376fb73003e68ac589"

requirejs@>=0.27.1:
  version "2.3.5"
  resolved "https://registry.yarnpkg.com/requirejs/-/requirejs-2.3.5.tgz#617b9acbbcb336540ef4914d790323a8d4b861b0"

safe-buffer@~5.1.0, safe-buffer@~5.1.1:
  version "5.1.1"
  resolved "https://registry.yarnpkg.com/safe-buffer/-/safe-buffer-5.1.1.tgz#893312af69b2123def71f57889001671eeb2c853"

sigmund@~1.0.0:
  version "1.0.1"
  resolved "https://registry.yarnpkg.com/sigmund/-/sigmund-1.0.1.tgz#3ff21f198cad2175f9f3b781853fd94d0d19b590"

sliced@0.0.5:
  version "0.0.5"
  resolved "https://registry.yarnpkg.com/sliced/-/sliced-0.0.5.tgz#5edc044ca4eb6f7816d50ba2fc63e25d8fe4707f"

string_decoder@~1.0.3:
  version "1.0.3"
  resolved "https://registry.yarnpkg.com/string_decoder/-/string_decoder-1.0.3.tgz#0fc67d7c141825de94282dd536bec6b9bce860ab"
  dependencies:
    safe-buffer "~5.1.0"

"underscore@>= 1.3.1":
  version "1.8.3"
  resolved "https://registry.yarnpkg.com/underscore/-/underscore-1.8.3.tgz#4f3fb53b106e6097fcf9cb4109f2a5e9bdfa5022"

util-deprecate@~1.0.1:
  version "1.0.2"
  resolved "https://registry.yarnpkg.com/util-deprecate/-/util-deprecate-1.0.2.tgz#450d4dc9fa70de732762fbd2d4a28981419a0ccf"

"walkdir@>= 0.0.1":
  version "0.0.12"
  resolved "https://registry.yarnpkg.com/walkdir/-/walkdir-0.0.12.tgz#2f24f1ade64aab1e458591d4442c8868356e9281"
